{
    "name": "main-module",
    "version": "1.0.0",
    "lockfileVersion": 3,
    "requires": true,
    "packages": {
        "": {
            "name": "main-module",
            "version": "1.0.0",
            "dependencies": {
                "module1": "file:./module1"
            }
        },
        "module1": {
            "version": "1.0.0"
        },
        "node_modules/module1": {
            "resolved": "module1",
            "link": true
        }
    }
}
